
Microsoft Visual Studio Solution File, Format Version 12.00
# Visual Studio Version 17
VisualStudioVersion = 17.9.34728.123
MinimumVisualStudioVersion = 10.0.40219.1
Project("{FAE04EC0-301F-11D3-BF4B-00C04F79EFBC}") = "SamplePublicRepo", "SamplePublicRepo\SamplePublicRepo.csproj", "{8AD2BC55-6817-477B-B6A9-509B2BE50FF6}"
EndProject
Global
	GlobalSection(SolutionConfigurationPlatforms) = preSolution
		Debug|Any CPU = Debug|Any CPU
		Release|Any CPU = Release|Any CPU
	EndGlobalSection
	GlobalSection(ProjectConfigurationPlatforms) = postSolution
		{8AD2BC55-6817-477B-B6A9-509B2BE50FF6}.Debug|Any CPU.ActiveCfg = Debug|Any CPU
		{8AD2BC55-6817-477B-B6A9-509B2BE50FF6}.Debug|Any CPU.Build.0 = Debug|Any CPU
		{8AD2BC55-6817-477B-B6A9-509B2BE50FF6}.Release|Any CPU.ActiveCfg = Release|Any CPU
		{8AD2BC55-6817-477B-B6A9-509B2BE50FF6}.Release|Any CPU.Build.0 = Release|Any CPU
	EndGlobalSection
	GlobalSection(SolutionProperties) = preSolution
		HideSolutionNode = FALSE
	EndGlobalSection
	GlobalSection(ExtensibilityGlobals) = postSolution
		SolutionGuid = {6ADC6D77-B35F-4FAA-B8A9-0974B8099E6D}
	EndGlobalSection
EndGlobal
